Microsoft Visual Studio Solution File, Format Version 12.00
# Visual Studio Version 17
VisualStudioVersion = 17.5.2.0
MinimumVisualStudioVersion = 10.0.40219.1
Project("{FAE04EC0-301F-11D3-BF4B-00C04F79EFBC}") = "SemanticSearchApp", "SemanticSearchApp.csproj", "{C5F1553B-648B-327B-3456-77DD12B33CA1}"
EndProject
Global
	GlobalSection(SolutionConfigurationPlatforms) = preSolution
		Debug|Any CPU = Debug|Any CPU
		Release|Any CPU = Release|Any CPU
	EndGlobalSection
	GlobalSection(ProjectConfigurationPlatforms) = postSolution
		{C5F1553B-648B-327B-3456-77DD12B33CA1}.Debug|Any CPU.ActiveCfg = Debug|Any CPU
		{C5F1553B-648B-327B-3456-77DD12B33CA1}.Debug|Any CPU.Build.0 = Debug|Any CPU
		{C5F1553B-648B-327B-3456-77DD12B33CA1}.Release|Any CPU.ActiveCfg = Release|Any CPU
		{C5F1553B-648B-327B-3456-77DD12B33CA1}.Release|Any CPU.Build.0 = Release|Any CPU
	EndGlobalSection
	GlobalSection(SolutionProperties) = preSolution
		HideSolutionNode = FALSE
	EndGlobalSection
	GlobalSection(ExtensibilityGlobals) = postSolution
		SolutionGuid = {DB8B4506-FC2B-4FD6-8A57-8D7C0AABE7A2}
	EndGlobalSection
EndGlobal
